
Microsoft Visual Studio Solution File, Format Version 12.00
# Visual Studio 14
VisualStudioVersion = 14.0.23107.0
MinimumVisualStudioVersion = 10.0.40219.1
Project("{FAE04EC0-301F-11D3-BF4B-00C04F79EFBC}") = "lb2_Viktor", "lb2_Viktor\lb2_Viktor.csproj", "{694CCDEF-E46C-423D-9008-CE53D645B808}"
EndProject
Global
	GlobalSection(SolutionConfigurationPlatforms) = preSolution
		Debug|Any CPU = Debug|Any CPU
		Release|Any CPU = Release|Any CPU
	EndGlobalSection
	GlobalSection(ProjectConfigurationPlatforms) = postSolution
		{694CCDEF-E46C-423D-9008-CE53D645B808}.Debug|Any CPU.ActiveCfg = Debug|Any CPU
		{694CCDEF-E46C-423D-9008-CE53D645B808}.Debug|Any CPU.Build.0 = Debug|Any CPU
		{694CCDEF-E46C-423D-9008-CE53D645B808}.Release|Any CPU.ActiveCfg = Release|Any CPU
		{694CCDEF-E46C-423D-9008-CE53D645B808}.Release|Any CPU.Build.0 = Release|Any CPU
	EndGlobalSection
	GlobalSection(SolutionProperties) = preSolution
		HideSolutionNode = FALSE
	EndGlobalSection
EndGlobal
